
Microsoft Visual Studio Solution File, Format Version 12.00
# Visual Studio Version 16
VisualStudioVersion = 16.0.29306.81
MinimumVisualStudioVersion = 10.0.40219.1
Project("{FAE04EC0-301F-11D3-BF4B-00C04F79EFBC}") = "Prakticheskaya1", "Prakticheskaya1\Prakticheskaya1.csproj", "{F5713D98-A444-4375-BB20-5E672CEF5A8F}"
EndProject
Global
	GlobalSection(SolutionConfigurationPlatforms) = preSolution
		Debug|Any CPU = Debug|Any CPU
		Release|Any CPU = Release|Any CPU
	EndGlobalSection
	GlobalSection(ProjectConfigurationPlatforms) = postSolution
		{F5713D98-A444-4375-BB20-5E672CEF5A8F}.Debug|Any CPU.ActiveCfg = Debug|Any CPU
		{F5713D98-A444-4375-BB20-5E672CEF5A8F}.Debug|Any CPU.Build.0 = Debug|Any CPU
		{F5713D98-A444-4375-BB20-5E672CEF5A8F}.Release|Any CPU.ActiveCfg = Release|Any CPU
		{F5713D98-A444-4375-BB20-5E672CEF5A8F}.Release|Any CPU.Build.0 = Release|Any CPU
	EndGlobalSection
	GlobalSection(SolutionProperties) = preSolution
		HideSolutionNode = FALSE
	EndGlobalSection
	GlobalSection(ExtensibilityGlobals) = postSolution
		SolutionGuid = {3A20BE81-82A7-44AE-ADB7-25C557A38524}
	EndGlobalSection
EndGlobal
